
Microsoft Visual Studio Solution File, Format Version 12.00
# Visual Studio Version 17
VisualStudioVersion = 17.8.34330.188
MinimumVisualStudioVersion = 10.0.40219.1
Project("{FAE04EC0-301F-11D3-BF4B-00C04F79EFBC}") = "AlgorithmsLearning", "AlgorithmsLearning.csproj", "{444A26C4-AF97-43BD-BCAA-F80D5AA0FA1E}"
EndProject
Global
	GlobalSection(SolutionConfigurationPlatforms) = preSolution
		Debug|Any CPU = Debug|Any CPU
		Release|Any CPU = Release|Any CPU
	EndGlobalSection
	GlobalSection(ProjectConfigurationPlatforms) = postSolution
		{444A26C4-AF97-43BD-BCAA-F80D5AA0FA1E}.Debug|Any CPU.ActiveCfg = Debug|Any CPU
		{444A26C4-AF97-43BD-BCAA-F80D5AA0FA1E}.Debug|Any CPU.Build.0 = Debug|Any CPU
		{444A26C4-AF97-43BD-BCAA-F80D5AA0FA1E}.Release|Any CPU.ActiveCfg = Release|Any CPU
		{444A26C4-AF97-43BD-BCAA-F80D5AA0FA1E}.Release|Any CPU.Build.0 = Release|Any CPU
	EndGlobalSection
	GlobalSection(SolutionProperties) = preSolution
		HideSolutionNode = FALSE
	EndGlobalSection
	GlobalSection(ExtensibilityGlobals) = postSolution
		SolutionGuid = {11FA8FA6-54ED-485A-9515-175C3EFE5051}
	EndGlobalSection
EndGlobal
